
Microsoft Visual Studio Solution File, Format Version 12.00
# Visual Studio Version 17
VisualStudioVersion = 17.11.35208.52
MinimumVisualStudioVersion = 10.0.40219.1
Project("{9A19103F-16F7-4668-BE54-9A1E7A4F7556}") = "SoftGallery.API", "SoftGallery.API\SoftGallery.API.csproj", "{307B66B8-A3D0-477B-86F2-4FCC15D55608}"
EndProject
Project("{FAE04EC0-301F-11D3-BF4B-00C04F79EFBC}") = "SoftGallery.Dominio", "SoftGallery.Dominio\SoftGallery.Dominio.csproj", "{128EC540-3660-48BF-9B77-534EE1A19394}"
EndProject
Global
	GlobalSection(SolutionConfigurationPlatforms) = preSolution
		Debug|Any CPU = Debug|Any CPU
		Release|Any CPU = Release|Any CPU
	EndGlobalSection
	GlobalSection(ProjectConfigurationPlatforms) = postSolution
		{307B66B8-A3D0-477B-86F2-4FCC15D55608}.Debug|Any CPU.ActiveCfg = Debug|Any CPU
		{307B66B8-A3D0-477B-86F2-4FCC15D55608}.Debug|Any CPU.Build.0 = Debug|Any CPU
		{307B66B8-A3D0-477B-86F2-4FCC15D55608}.Release|Any CPU.ActiveCfg = Release|Any CPU
		{307B66B8-A3D0-477B-86F2-4FCC15D55608}.Release|Any CPU.Build.0 = Release|Any CPU
		{128EC540-3660-48BF-9B77-534EE1A19394}.Debug|Any CPU.ActiveCfg = Debug|Any CPU
		{128EC540-3660-48BF-9B77-534EE1A19394}.Debug|Any CPU.Build.0 = Debug|Any CPU
		{128EC540-3660-48BF-9B77-534EE1A19394}.Release|Any CPU.ActiveCfg = Release|Any CPU
		{128EC540-3660-48BF-9B77-534EE1A19394}.Release|Any CPU.Build.0 = Release|Any CPU
	EndGlobalSection
	GlobalSection(SolutionProperties) = preSolution
		HideSolutionNode = FALSE
	EndGlobalSection
	GlobalSection(ExtensibilityGlobals) = postSolution
		SolutionGuid = {0525A888-89E5-464C-9839-D720636AD3C2}
	EndGlobalSection
EndGlobal
